# THIS IS AN AUTOGENERATED FILE. DO NOT EDIT THIS FILE DIRECTLY.
# yarn lockfile v1


"@babel/runtime@^7.3.1", "@babel/runtime@^7.4.4", "@babel/runtime@^7.5.5", "@babel/runtime@^7.8.3", "@babel/runtime@^7.8.7":
  version "7.14.5"
  resolved "https://repo.sonatype.com/repository/npm-all/@babel/runtime/-/runtime-7.14.5.tgz#665450911c6031af38f81db530f387ec04cd9a98"
  integrity sha512-121rumjddw9c3NCQ55KGkyE1h/nzWhU/owjhw0l4mQrkzz4x9SGS1X8gFLraHwX7td3Yo4QTL+qj0NcIzN87BA==
  dependencies:
    regenerator-runtime "^0.13.4"

"@emotion/hash@^0.8.0":
  version "0.8.0"
  resolved "https://repo.sonatype.com/repository/npm-all/@emotion/hash/-/hash-0.8.0.tgz#bbbff68978fefdbe68ccb533bc8cbe1d1afb5413"
  integrity sha512-kBJtf7PH6aWwZ6fka3zQ0p6SBYzx4fl1LoZXE2RrnYST9Xljm7WfKJrU4g/Xr3Beg72MLrp1AWNUmuYJTL7Cow==

"@fortawesome/fontawesome-common-types@^0.2.35":
  version "0.2.35"
  resolved "https://repo.sonatype.com/repository/npm-all/@fortawesome/fontawesome-common-types/-/fontawesome-common-types-0.2.35.tgz#01dd3d054da07a00b764d78748df20daf2b317e9"
  integrity sha512-IHUfxSEDS9dDGqYwIW7wTN6tn/O8E0n5PcAHz9cAaBoZw6UpG20IG/YM3NNLaGPwPqgjBAFjIURzqoQs3rrtuw==

"@fortawesome/fontawesome-svg-core@^1.2.32":
  version "1.2.35"
  resolved "https://repo.sonatype.com/repository/npm-all/@fortawesome/fontawesome-svg-core/-/fontawesome-svg-core-1.2.35.tgz#85aea8c25645fcec88d35f2eb1045c38d3e65cff"
  integrity sha512-uLEXifXIL7hnh2sNZQrIJWNol7cTVIzwI+4qcBIq9QWaZqUblm0IDrtSqbNg+3SQf8SMGHkiSigD++rHmCHjBg==
  dependencies:
    "@fortawesome/fontawesome-common-types" "^0.2.35"

"@fortawesome/free-solid-svg-icons@^5.15.1":
  version "5.15.3"
  resolved "https://repo.sonatype.com/repository/npm-all/@fortawesome/free-solid-svg-icons/-/free-solid-svg-icons-5.15.3.tgz#52eebe354f60dc77e0bde934ffc5c75ffd04f9d8"
  integrity sha512-XPeeu1IlGYqz4VWGRAT5ukNMd4VHUEEJ7ysZ7pSSgaEtNvSo+FLurybGJVmiqkQdK50OkSja2bfZXOeyMGRD8Q==
  dependencies:
    "@fortawesome/fontawesome-common-types" "^0.2.35"

"@fortawesome/react-fontawesome@^0.1.14":
  version "0.1.14"
  resolved "https://repo.sonatype.com/repository/npm-all/@fortawesome/react-fontawesome/-/react-fontawesome-0.1.14.tgz#bf28875c3935b69ce2dc620e1060b217a47f64ca"
  integrity sha512-4wqNb0gRLVaBm/h+lGe8UfPPivcbuJ6ecI4hIgW0LjI7kzpYB9FkN0L9apbVzg+lsBdcTf0AlBtODjcSX5mmKA==
  dependencies:
    prop-types "^15.7.2"

"@material-ui/core@^4.11.2":
  version "4.11.4"
  resolved "https://repo.sonatype.com/repository/npm-all/@material-ui/core/-/core-4.11.4.tgz#4fb9fe5dec5dcf780b687e3a40cff78b2b9640a4"
  integrity sha512-oqb+lJ2Dl9HXI9orc6/aN8ZIAMkeThufA5iZELf2LQeBn2NtjVilF5D2w7e9RpntAzDb4jK5DsVhkfOvFY/8fg==
  dependencies:
    "@babel/runtime" "^7.4.4"
    "@material-ui/styles" "^4.11.4"
    "@material-ui/system" "^4.11.3"
    "@material-ui/types" "5.1.0"
    "@material-ui/utils" "^4.11.2"
    "@types/react-transition-group" "^4.2.0"
    clsx "^1.0.4"
    hoist-non-react-statics "^3.3.2"
    popper.js "1.16.1-lts"
    prop-types "^15.7.2"
    react-is "^16.8.0 || ^17.0.0"
    react-transition-group "^4.4.0"

"@material-ui/styles@^4.11.4":
  version "4.11.4"
  resolved "https://repo.sonatype.com/repository/npm-all/@material-ui/styles/-/styles-4.11.4.tgz#eb9dfccfcc2d208243d986457dff025497afa00d"
  integrity sha512-KNTIZcnj/zprG5LW0Sao7zw+yG3O35pviHzejMdcSGCdWbiO8qzRgOYL8JAxAsWBKOKYwVZxXtHWaB5T2Kvxew==
  dependencies:
    "@babel/runtime" "^7.4.4"
    "@emotion/hash" "^0.8.0"
    "@material-ui/types" "5.1.0"
    "@material-ui/utils" "^4.11.2"
    clsx "^1.0.4"
    csstype "^2.5.2"
    hoist-non-react-statics "^3.3.2"
    jss "^10.5.1"
    jss-plugin-camel-case "^10.5.1"
    jss-plugin-default-unit "^10.5.1"
    jss-plugin-global "^10.5.1"
    jss-plugin-nested "^10.5.1"
    jss-plugin-props-sort "^10.5.1"
    jss-plugin-rule-value-function "^10.5.1"
    jss-plugin-vendor-prefixer "^10.5.1"
    prop-types "^15.7.2"

"@material-ui/system@^4.11.3":
  version "4.11.3"
  resolved "https://repo.sonatype.com/repository/npm-all/@material-ui/system/-/system-4.11.3.tgz#466bc14c9986798fd325665927c963eb47cc4143"
  integrity sha512-SY7otguNGol41Mu2Sg6KbBP1ZRFIbFLHGK81y4KYbsV2yIcaEPOmsCK6zwWlp+2yTV3J/VwT6oSBARtGIVdXPw==
  dependencies:
    "@babel/runtime" "^7.4.4"
    "@material-ui/utils" "^4.11.2"
    csstype "^2.5.2"
    prop-types "^15.7.2"

"@material-ui/types@5.1.0":
  version "5.1.0"
  resolved "https://repo.sonatype.com/repository/npm-all/@material-ui/types/-/types-5.1.0.tgz#efa1c7a0b0eaa4c7c87ac0390445f0f88b0d88f2"
  integrity sha512-7cqRjrY50b8QzRSYyhSpx4WRw2YuO0KKIGQEVk5J8uoz2BanawykgZGoWEqKm7pVIbzFDN0SpPcVV4IhOFkl8A==

"@material-ui/utils@^4.11.2":
  version "4.11.2"
  resolved "https://repo.sonatype.com/repository/npm-all/@material-ui/utils/-/utils-4.11.2.tgz#f1aefa7e7dff2ebcb97d31de51aecab1bb57540a"
  integrity sha512-Uul8w38u+PICe2Fg2pDKCaIG7kOyhowZ9vjiC1FsVwPABTW8vPPKfF6OvxRq3IiBaI1faOJmgdvMG7rMJARBhA==
  dependencies:
    "@babel/runtime" "^7.4.4"
    prop-types "^15.7.2"
    react-is "^16.8.0 || ^17.0.0"

"@react-hook/latest@^1.0.2":
  version "1.0.3"
  resolved "https://repo.sonatype.com/repository/npm-all/@react-hook/latest/-/latest-1.0.3.tgz#c2d1d0b0af8b69ec6e2b3a2412ba0768ac82db80"
  integrity sha512-dy6duzl+JnAZcDbNTfmaP3xHiKtbXYOaz3G51MGVljh548Y8MWzTr+PHLOfvpypEVW9zwvl+VyKjbWKEVbV1Rg==

"@react-hook/merged-ref@^1.3.0":
  version "1.3.0"
  resolved "https://repo.sonatype.com/repository/npm-all/@react-hook/merged-ref/-/merged-ref-1.3.0.tgz#0f482780e1eefc1abdc964dd3d04680186b07c8a"
  integrity sha512-9p7fbPZ37n1Cbw37f3EtrcR9TwVjMkoTKwYbG7URO2HDlnOzuNTjsd/VK0/4i52SwKmOa6lBwz6Pr9g0pIyaCg==

"@react-hook/passive-layout-effect@^1.2.0":
  version "1.2.1"
  resolved "https://repo.sonatype.com/repository/npm-all/@react-hook/passive-layout-effect/-/passive-layout-effect-1.2.1.tgz#c06dac2d011f36d61259aa1c6df4f0d5e28bc55e"
  integrity sha512-IwEphTD75liO8g+6taS+4oqz+nnroocNfWVHWz7j+N+ZO2vYrc6PV1q7GQhuahL0IOR7JccFTsFKQ/mb6iZWAg==

"@react-hook/resize-observer@^1.1.0":
  version "1.2.0"
  resolved "https://repo.sonatype.com/repository/npm-all/@react-hook/resize-observer/-/resize-observer-1.2.0.tgz#a44b385d998f4ab33aa9481a43c4ac33af21f7d7"
  integrity sha512-7Cpy0aaZ3xXlSabQ43aZcfgzwYSidrshEKGDqpfvdx7pHnGDGskr8m1Ajb6yamJUSdTRgqCemYQcwouCqMmZoQ==
  dependencies:
    "@react-hook/latest" "^1.0.2"
    "@react-hook/passive-layout-effect" "^1.2.0"
    "@types/raf-schd" "^4.0.0"
    raf-schd "^4.0.2"
    resize-observer-polyfill "^1.5.1"

"@rooks/use-mutation-observer@^4.11.0":
  version "4.11.2"
  resolved "https://repo.sonatype.com/repository/npm-all/@rooks/use-mutation-observer/-/use-mutation-observer-4.11.2.tgz#a0466c4338e0a4487ea19253c86bcd427c29f4af"
  integrity sha512-vpsdrZdr6TkB1zZJcHx+fR1YC/pHs2BaqcuYiEGjBVbwY5xcC49+h0hAUtQKHth3oJqXfIX/Ng8S7s5HFHdM/A==

"@sonatype/commonmark-react-renderer@^4.3.6":
  version "4.3.6"
  resolved "https://repo.sonatype.com/repository/npm-all/@sonatype/commonmark-react-renderer/-/commonmark-react-renderer-4.3.6.tgz#c08e3a812850bcb5e31b321e6f6a7bfb0ab31028"
  integrity sha512-MA6p6SR9nOCdELtYLOGWBNMHyQOJitIHuu024w77rPAhhV7Ut7//vseoDrypyeHJJf0qJ6wGSc67TC7xkmplsg==
  dependencies:
    lodash.assign "^4.2.0"
    lodash.isplainobject "^4.0.6"
    pascalcase "^0.1.1"
    xss-filters "^1.2.6"

"@sonatype/react-commonmark@^3.0.1":
  version "3.0.1"
  resolved "https://repo.sonatype.com/repository/npm-all/@sonatype/react-commonmark/-/react-commonmark-3.0.1.tgz#a78851614c63b5b10106b7e01b925e67b243ae60"
  integrity sha512-jI3q4Ss/tn5xMOvU2xyskRgnd1DmsUDqxqrleMrAgg5bA/2QM/3xQ7P4X5qK5pofqCpA34ifaXgeDrkFX5DfoQ==
  dependencies:
    "@sonatype/commonmark-react-renderer" "^4.3.6"
    commonmark "^0.29.1"
    in-publish "^2.0.0"
    prop-types "^15.5.10"

"@sonatype/react-shared-components@^7.0.11":
  version "7.0.11"
  resolved "https://repo.sonatype.com/repository/npm-all/@sonatype/react-shared-components/-/react-shared-components-7.0.11.tgz#158bed837b562b72dba0a8ccfece9533b183cb2c"
  integrity sha512-TbrrsrQdk9ZmYXcxeEvMlXcG1iAQWPyAEOee3vHf9JGfxVHWxoUV/H6+ev+ELNVadCUkBXX20NOUcbkfsUxcjA==
  dependencies:
    "@fortawesome/fontawesome-svg-core" "^1.2.32"
    "@fortawesome/free-solid-svg-icons" "^5.15.1"
    "@fortawesome/react-fontawesome" "^0.1.14"
    "@material-ui/core" "^4.11.2"
    "@react-hook/merged-ref" "^1.3.0"
    "@react-hook/resize-observer" "^1.1.0"
    "@rooks/use-mutation-observer" "^4.11.0"
    "@sonatype/react-commonmark" "^3.0.1"
    "@types/classnames" "^2.2.11"
    "@types/prop-types" "^15.7.3"
    "@types/ramda" "^0.27.34"
    classnames "^2.2.6"
    fuse.js "^6.4.6"
    prop-types "^15.7.2"
    ramda "^0.27.1"

"@types/classnames@^2.2.11":
  version "2.3.1"
  resolved "https://repo.sonatype.com/repository/npm-all/@types/classnames/-/classnames-2.3.1.tgz#3c2467aa0f1a93f1f021e3b9bcf938bd5dfdc0dd"
  integrity sha512-zeOWb0JGBoVmlQoznvqXbE0tEC/HONsnoUNH19Hc96NFsTAwTXbTqb8FMYkru1F/iqp7a18Ws3nWJvtA1sHD1A==
  dependencies:
    classnames "*"

"@types/prop-types@*", "@types/prop-types@^15.7.3":
  version "15.7.3"
  resolved "https://repo.sonatype.com/repository/npm-all/@types/prop-types/-/prop-types-15.7.3.tgz#2ab0d5da2e5815f94b0b9d4b95d1e5f243ab2ca7"
  integrity sha512-KfRL3PuHmqQLOG+2tGpRO26Ctg+Cq1E01D2DMriKEATHgWLfeNDmq9e29Q9WIky0dQ3NPkd1mzYH8Lm936Z9qw==

"@types/raf-schd@^4.0.0":
  version "4.0.1"
  resolved "https://repo.sonatype.com/repository/npm-all/@types/raf-schd/-/raf-schd-4.0.1.tgz#1f9e03736f277fe9c7b82102bf18570a6ee19f82"
  integrity sha512-Ha+EnKHFIh9EKW0/XZJPUd3EGDFisEvauaBd4VVCRPKeOqUxNEc9TodiY2Zhk33XCgzJucoFEcaoNcBAPHTQ2A==

"@types/ramda@^0.27.34":
  version "0.27.40"
  resolved "https://repo.sonatype.com/repository/npm-all/@types/ramda/-/ramda-0.27.40.tgz#99f307356fe553095ee4d3c2af2b0eb3af7a8413"
  integrity sha512-V99ZfTH2tqVYdLDAlgh2uT+N074HPgqnAsMjALKSBqogYd0HbuuGMqNukJ6fk9Ml/Htaus76fsc4Yh3p7q1VdQ==
  dependencies:
    ts-toolbelt "^6.15.1"

"@types/react-transition-group@^4.2.0":
  version "4.4.1"
  resolved "https://repo.sonatype.com/repository/npm-all/@types/react-transition-group/-/react-transition-group-4.4.1.tgz#e1a3cb278df7f47f17b5082b1b3da17170bd44b1"
  integrity sha512-vIo69qKKcYoJ8wKCJjwSgCTM+z3chw3g18dkrDfVX665tMH7tmbDxEAnPdey4gTlwZz5QuHGzd+hul0OVZDqqQ==
  dependencies:
    "@types/react" "*"

"@types/react@*":
  version "17.0.11"
  resolved "https://repo.sonatype.com/repository/npm-all/@types/react/-/react-17.0.11.tgz#67fcd0ddbf5a0b083a0f94e926c7d63f3b836451"
  integrity sha512-yFRQbD+whVonItSk7ZzP/L+gPTJVBkL/7shLEF+i9GC/1cV3JmUxEQz6+9ylhUpWSDuqo1N9qEvqS6vTj4USUA==
  dependencies:
    "@types/prop-types" "*"
    "@types/scheduler" "*"
    csstype "^3.0.2"

"@types/scheduler@*":
  version "0.16.1"
  resolved "https://repo.sonatype.com/repository/npm-all/@types/scheduler/-/scheduler-0.16.1.tgz#18845205e86ff0038517aab7a18a62a6b9f71275"
  integrity sha512-EaCxbanVeyxDRTQBkdLb3Bvl/HK7PBK6UJjsSixB0iHKoWxE5uu2Q/DgtpOhPIojN0Zl1whvOd7PoHs2P0s5eA==

classnames@*, classnames@^2.2.6:
  version "2.3.1"
  resolved "https://repo.sonatype.com/repository/npm-all/classnames/-/classnames-2.3.1.tgz#dfcfa3891e306ec1dad105d0e88f4417b8535e8e"
  integrity sha512-OlQdbZ7gLfGarSqxesMesDa5uz7KFbID8Kpq/SxIoNGDqY8lSYs0D+hhtBXhcdB3rcbXArFr7vlHheLk1voeNA==

clsx@^1.0.4:
  version "1.1.1"
  resolved "https://repo.sonatype.com/repository/npm-all/clsx/-/clsx-1.1.1.tgz#98b3134f9abbdf23b2663491ace13c5c03a73188"
  integrity sha512-6/bPho624p3S2pMyvP5kKBPXnI3ufHLObBFCfgx+LkeR5lg2XYy2hqZqUf45ypD8COn2bhgGJSUE+l5dhNBieA==

commonmark@^0.29.1:
  version "0.29.3"
  resolved "https://repo.sonatype.com/repository/npm-all/commonmark/-/commonmark-0.29.3.tgz#bb1d5733bfe3ea213b412f33f16439cc12999c2c"
  integrity sha512-fvt/NdOFKaL2gyhltSy6BC4LxbbxbnPxBMl923ittqO/JBM0wQHaoYZliE4tp26cRxX/ZZtRsJlZzQrVdUkXAA==
  dependencies:
    entities "~2.0"
    mdurl "~1.0.1"
    minimist ">=1.2.2"
    string.prototype.repeat "^0.2.0"

css-vendor@^2.0.8:
  version "2.0.8"
  resolved "https://repo.sonatype.com/repository/npm-all/css-vendor/-/css-vendor-2.0.8.tgz#e47f91d3bd3117d49180a3c935e62e3d9f7f449d"
  integrity sha512-x9Aq0XTInxrkuFeHKbYC7zWY8ai7qJ04Kxd9MnvbC1uO5DagxoHQjm4JvG+vCdXOoFtCjbL2XSZfxmoYa9uQVQ==
  dependencies:
    "@babel/runtime" "^7.8.3"
    is-in-browser "^1.0.2"

csstype@^2.5.2:
  version "2.6.17"
  resolved "https://repo.sonatype.com/repository/npm-all/csstype/-/csstype-2.6.17.tgz#4cf30eb87e1d1a005d8b6510f95292413f6a1c0e"
  integrity sha512-u1wmTI1jJGzCJzWndZo8mk4wnPTZd1eOIYTYvuEyOQGfmDl3TrabCCfKnOC86FZwW/9djqTl933UF/cS425i9A==

csstype@^3.0.2:
  version "3.0.8"
  resolved "https://repo.sonatype.com/repository/npm-all/csstype/-/csstype-3.0.8.tgz#d2266a792729fb227cd216fb572f43728e1ad340"
  integrity sha512-jXKhWqXPmlUeoQnF/EhTtTl4C9SnrxSH/jZUih3jmO6lBKr99rP3/+FmrMj4EFpOXzMtXHAZkd3x0E6h6Fgflw==

dom-helpers@^5.0.1:
  version "5.2.1"
  resolved "https://repo.sonatype.com/repository/npm-all/dom-helpers/-/dom-helpers-5.2.1.tgz#d9400536b2bf8225ad98fe052e029451ac40e902"
  integrity sha512-nRCa7CK3VTrM2NmGkIy4cbK7IZlgBE/PYMn55rrXefr5xXDP0LdtfPnblFDoVdcAfslJ7or6iqAUnx0CCGIWQA==
  dependencies:
    "@babel/runtime" "^7.8.7"
    csstype "^3.0.2"

entities@~2.0:
  version "2.0.3"
  resolved "https://repo.sonatype.com/repository/npm-all/entities/-/entities-2.0.3.tgz#5c487e5742ab93c15abb5da22759b8590ec03b7f"
  integrity sha512-MyoZ0jgnLvB2X3Lg5HqpFmn1kybDiIfEQmKzTb5apr51Rb+T3KdmMiqa70T+bhGnyv7bQ6WMj2QMHpGMmlrUYQ==

fuse.js@^6.4.6:
  version "6.4.6"
  resolved "https://repo.sonatype.com/repository/npm-all/fuse.js/-/fuse.js-6.4.6.tgz#62f216c110e5aa22486aff20be7896d19a059b79"
  integrity sha512-/gYxR/0VpXmWSfZOIPS3rWwU8SHgsRTwWuXhyb2O6s7aRuVtHtxCkR33bNYu3wyLyNx/Wpv0vU7FZy8Vj53VNw==

hoist-non-react-statics@^3.3.2:
  version "3.3.2"
  resolved "https://repo.sonatype.com/repository/npm-all/hoist-non-react-statics/-/hoist-non-react-statics-3.3.2.tgz#ece0acaf71d62c2969c2ec59feff42a4b1a85b45"
  integrity sha512-/gGivxi8JPKWNm/W0jSmzcMPpfpPLc3dY/6GxhX2hQ9iGj3aDfklV4ET7NjKpSinLpJ5vafa9iiGIEZg10SfBw==
  dependencies:
    react-is "^16.7.0"

hyphenate-style-name@^1.0.3:
  version "1.0.4"
  resolved "https://repo.sonatype.com/repository/npm-all/hyphenate-style-name/-/hyphenate-style-name-1.0.4.tgz#691879af8e220aea5750e8827db4ef62a54e361d"
  integrity sha512-ygGZLjmXfPHj+ZWh6LwbC37l43MhfztxetbFCoYTM2VjkIUpeHgSNn7QIyVFj7YQ1Wl9Cbw5sholVJPzWvC2MQ==

in-publish@^2.0.0:
  version "2.0.1"
  resolved "https://repo.sonatype.com/repository/npm-all/in-publish/-/in-publish-2.0.1.tgz#948b1a535c8030561cea522f73f78f4be357e00c"
  integrity sha512-oDM0kUSNFC31ShNxHKUyfZKy8ZeXZBWMjMdZHKLOk13uvT27VTL/QzRGfRUcevJhpkZAvlhPYuXkF7eNWrtyxQ==

indefinite-observable@^2.0.1:
  version "2.0.1"
  resolved "https://repo.sonatype.com/repository/npm-all/indefinite-observable/-/indefinite-observable-2.0.1.tgz#574af29bfbc17eb5947793797bddc94c9d859400"
  integrity sha512-G8vgmork+6H9S8lUAg1gtXEj2JxIQTo0g2PbFiYOdjkziSI0F7UYBiVwhZRuixhBCNGczAls34+5HJPyZysvxQ==
  dependencies:
    symbol-observable "1.2.0"

is-in-browser@^1.0.2, is-in-browser@^1.1.3:
  version "1.1.3"
  resolved "https://repo.sonatype.com/repository/npm-all/is-in-browser/-/is-in-browser-1.1.3.tgz#56ff4db683a078c6082eb95dad7dc62e1d04f835"
  integrity sha1-Vv9NtoOgeMYILrldrX3GLh0E+DU=

"js-tokens@^3.0.0 || ^4.0.0":
  version "4.0.0"
  resolved "https://repo.sonatype.com/repository/npm-all/js-tokens/-/js-tokens-4.0.0.tgz#19203fb59991df98e3a287050d4647cdeaf32499"
  integrity sha512-RdJUflcE3cUzKiMqQgsCu06FPu9UdIJO0beYbPhHN4k6apgJtifcoCtT9bcxOpYBtpD2kCM6Sbzg4CausW/PKQ==

jss-plugin-camel-case@^10.5.1:
  version "10.6.0"
  resolved "https://repo.sonatype.com/repository/npm-all/jss-plugin-camel-case/-/jss-plugin-camel-case-10.6.0.tgz#93d2cd704bf0c4af70cc40fb52d74b8a2554b170"
  integrity sha512-JdLpA3aI/npwj3nDMKk308pvnhoSzkW3PXlbgHAzfx0yHWnPPVUjPhXFtLJzgKZge8lsfkUxvYSQ3X2OYIFU6A==
  dependencies:
    "@babel/runtime" "^7.3.1"
    hyphenate-style-name "^1.0.3"
    jss "10.6.0"

jss-plugin-default-unit@^10.5.1:
  version "10.6.0"
  resolved "https://repo.sonatype.com/repository/npm-all/jss-plugin-default-unit/-/jss-plugin-default-unit-10.6.0.tgz#af47972486819b375f0f3a9e0213403a84b5ef3b"
  integrity sha512-7y4cAScMHAxvslBK2JRK37ES9UT0YfTIXWgzUWD5euvR+JR3q+o8sQKzBw7GmkQRfZijrRJKNTiSt1PBsLI9/w==
  dependencies:
    "@babel/runtime" "^7.3.1"
    jss "10.6.0"

jss-plugin-global@^10.5.1:
  version "10.6.0"
  resolved "https://repo.sonatype.com/repository/npm-all/jss-plugin-global/-/jss-plugin-global-10.6.0.tgz#3e8011f760f399cbadcca7f10a485b729c50e3ed"
  integrity sha512-I3w7ji/UXPi3VuWrTCbHG9rVCgB4yoBQLehGDTmsnDfXQb3r1l3WIdcO8JFp9m0YMmyy2CU7UOV6oPI7/Tmu+w==
  dependencies:
    "@babel/runtime" "^7.3.1"
    jss "10.6.0"

jss-plugin-nested@^10.5.1:
  version "10.6.0"
  resolved "https://repo.sonatype.com/repository/npm-all/jss-plugin-nested/-/jss-plugin-nested-10.6.0.tgz#5f83c5c337d3b38004834e8426957715a0251641"
  integrity sha512-fOFQWgd98H89E6aJSNkEh2fAXquC9aZcAVjSw4q4RoQ9gU++emg18encR4AT4OOIFl4lQwt5nEyBBRn9V1Rk8g==
  dependencies:
    "@babel/runtime" "^7.3.1"
    jss "10.6.0"
    tiny-warning "^1.0.2"

jss-plugin-props-sort@^10.5.1:
  version "10.6.0"
  resolved "https://repo.sonatype.com/repository/npm-all/jss-plugin-props-sort/-/jss-plugin-props-sort-10.6.0.tgz#297879f35f9fe21196448579fee37bcde28ce6bc"
  integrity sha512-oMCe7hgho2FllNc60d9VAfdtMrZPo9n1Iu6RNa+3p9n0Bkvnv/XX5San8fTPujrTBScPqv9mOE0nWVvIaohNuw==
  dependencies:
    "@babel/runtime" "^7.3.1"
    jss "10.6.0"

jss-plugin-rule-value-function@^10.5.1:
  version "10.6.0"
  resolved "https://repo.sonatype.com/repository/npm-all/jss-plugin-rule-value-function/-/jss-plugin-rule-value-function-10.6.0.tgz#3c1a557236a139d0151e70a82c810ccce1c1c5ea"
  integrity sha512-TKFqhRTDHN1QrPTMYRlIQUOC2FFQb271+AbnetURKlGvRl/eWLswcgHQajwuxI464uZk91sPiTtdGi7r7XaWfA==
  dependencies:
    "@babel/runtime" "^7.3.1"
    jss "10.6.0"
    tiny-warning "^1.0.2"

jss-plugin-vendor-prefixer@^10.5.1:
  version "10.6.0"
  resolved "https://repo.sonatype.com/repository/npm-all/jss-plugin-vendor-prefixer/-/jss-plugin-vendor-prefixer-10.6.0.tgz#e1fcd499352846890c38085b11dbd7aa1c4f2c78"
  integrity sha512-doJ7MouBXT1lypLLctCwb4nJ6lDYqrTfVS3LtXgox42Xz0gXusXIIDboeh6UwnSmox90QpVnub7au8ybrb0krQ==
  dependencies:
    "@babel/runtime" "^7.3.1"
    css-vendor "^2.0.8"
    jss "10.6.0"

jss@10.6.0, jss@^10.5.1:
  version "10.6.0"
  resolved "https://repo.sonatype.com/repository/npm-all/jss/-/jss-10.6.0.tgz#d92ff9d0f214f65ca1718591b68e107be4774149"
  integrity sha512-n7SHdCozmxnzYGXBHe0NsO0eUf9TvsHVq2MXvi4JmTn3x5raynodDVE/9VQmBdWFyyj9HpHZ2B4xNZ7MMy7lkw==
  dependencies:
    "@babel/runtime" "^7.3.1"
    csstype "^3.0.2"
    indefinite-observable "^2.0.1"
    is-in-browser "^1.1.3"
    tiny-warning "^1.0.2"

lodash.assign@^4.2.0:
  version "4.2.0"
  resolved "https://repo.sonatype.com/repository/npm-all/lodash.assign/-/lodash.assign-4.2.0.tgz#0d99f3ccd7a6d261d19bdaeb9245005d285808e7"
  integrity sha1-DZnzzNem0mHRm9rrkkUAXShYCOc=

lodash.isplainobject@^4.0.6:
  version "4.0.6"
  resolved "https://repo.sonatype.com/repository/npm-all/lodash.isplainobject/-/lodash.isplainobject-4.0.6.tgz#7c526a52d89b45c45cc690b88163be0497f550cb"
  integrity sha1-fFJqUtibRcRcxpC4gWO+BJf1UMs=

loose-envify@^1.4.0:
  version "1.4.0"
  resolved "https://repo.sonatype.com/repository/npm-all/loose-envify/-/loose-envify-1.4.0.tgz#71ee51fa7be4caec1a63839f7e682d8132d30caf"
  integrity sha512-lyuxPGr/Wfhrlem2CL/UcnUc1zcqKAImBDzukY7Y5F/yQiNdko6+fRLevlw1HgMySw7f611UIY408EtxRSoK3Q==
  dependencies:
    js-tokens "^3.0.0 || ^4.0.0"

mdurl@~1.0.1:
  version "1.0.1"
  resolved "https://repo.sonatype.com/repository/npm-all/mdurl/-/mdurl-1.0.1.tgz#fe85b2ec75a59037f2adfec100fd6c601761152e"
  integrity sha1-/oWy7HWlkDfyrf7BAP1sYBdhFS4=

minimist@>=1.2.2:
  version "1.2.5"
  resolved "https://repo.sonatype.com/repository/npm-all/minimist/-/minimist-1.2.5.tgz#67d66014b66a6a8aaa0c083c5fd58df4e4e97602"
  integrity sha512-FM9nNUYrRBAELZQT3xeZQ7fmMOBg6nWNmJKTcgsJeaLstP/UODVpGsr5OhXhhXg6f+qtJ8uiZ+PUxkDWcgIXLw==

object-assign@^4.1.1:
  version "4.1.1"
  resolved "https://repo.sonatype.com/repository/npm-all/object-assign/-/object-assign-4.1.1.tgz#2109adc7965887cfc05cbbd442cac8bfbb360863"
  integrity sha1-IQmtx5ZYh8/AXLvUQsrIv7s2CGM=

pascalcase@^0.1.1:
  version "0.1.1"
  resolved "https://repo.sonatype.com/repository/npm-all/pascalcase/-/pascalcase-0.1.1.tgz#b363e55e8006ca6fe21784d2db22bd15d7917f14"
  integrity sha1-s2PlXoAGym/iF4TS2yK9FdeRfxQ=

popper.js@1.16.1-lts:
  version "1.16.1-lts"
  resolved "https://repo.sonatype.com/repository/npm-all/popper.js/-/popper.js-1.16.1-lts.tgz#cf6847b807da3799d80ee3d6d2f90df8a3f50b05"
  integrity sha512-Kjw8nKRl1m+VrSFCoVGPph93W/qrSO7ZkqPpTf7F4bk/sqcfWK019dWBUpE/fBOsOQY1dks/Bmcbfn1heM/IsA==

prop-types@^15.5.10, prop-types@^15.6.2, prop-types@^15.7.2:
  version "15.7.2"
  resolved "https://repo.sonatype.com/repository/npm-all/prop-types/-/prop-types-15.7.2.tgz#52c41e75b8c87e72b9d9360e0206b99dcbffa6c5"
  integrity sha512-8QQikdH7//R2vurIJSutZ1smHYTcLpRWEOlHnzcWHmBYrOGUysKwSsrC89BCiFj3CbrfJ/nXFdJepOVrY1GCHQ==
  dependencies:
    loose-envify "^1.4.0"
    object-assign "^4.1.1"
    react-is "^16.8.1"

raf-schd@^4.0.2:
  version "4.0.3"
  resolved "https://repo.sonatype.com/repository/npm-all/raf-schd/-/raf-schd-4.0.3.tgz#5d6c34ef46f8b2a0e880a8fcdb743efc5bfdbc1a"
  integrity sha512-tQkJl2GRWh83ui2DiPTJz9wEiMN20syf+5oKfB03yYP7ioZcJwsIK8FjrtLwH1m7C7e+Tt2yYBlrOpdT+dyeIQ==

ramda@^0.27.1:
  version "0.27.1"
  resolved "https://repo.sonatype.com/repository/npm-all/ramda/-/ramda-0.27.1.tgz#66fc2df3ef873874ffc2da6aa8984658abacf5c9"
  integrity sha512-PgIdVpn5y5Yns8vqb8FzBUEYn98V3xcPgawAkkgj0YJ0qDsnHCiNmZYfOGMgOvoB0eWFLpYbhxUR3mxfDIMvpw==

react-is@^16.7.0, react-is@^16.8.1:
  version "16.13.1"
  resolved "https://repo.sonatype.com/repository/npm-all/react-is/-/react-is-16.13.1.tgz#789729a4dc36de2999dc156dd6c1d9c18cea56a4"
  integrity sha512-24e6ynE2H+OKt4kqsOvNd8kBpV65zoxbA4BVsEOB3ARVWQki/DHzaUoC5KuON/BiccDaCCTZBuOcfZs70kR8bQ==

"react-is@^16.8.0 || ^17.0.0":
  version "17.0.2"
  resolved "https://repo.sonatype.com/repository/npm-all/react-is/-/react-is-17.0.2.tgz#e691d4a8e9c789365655539ab372762b0efb54f0"
  integrity sha512-w2GsyukL62IJnlaff/nRegPQR94C/XXamvMWmSHRJ4y7Ts/4ocGRmTHvOs8PSE6pB3dWOrD/nueuU5sduBsQ4w==

react-transition-group@^4.4.0:
  version "4.4.2"
  resolved "https://repo.sonatype.com/repository/npm-all/react-transition-group/-/react-transition-group-4.4.2.tgz#8b59a56f09ced7b55cbd53c36768b922890d5470"
  integrity sha512-/RNYfRAMlZwDSr6z4zNKV6xu53/e2BuaBbGhbyYIXTrmgu/bGHzmqOs7mJSJBHy9Ud+ApHx3QjrkKSp1pxvlFg==
  dependencies:
    "@babel/runtime" "^7.5.5"
    dom-helpers "^5.0.1"
    loose-envify "^1.4.0"
    prop-types "^15.6.2"

regenerator-runtime@^0.13.4:
  version "0.13.7"
  resolved "https://repo.sonatype.com/repository/npm-all/regenerator-runtime/-/regenerator-runtime-0.13.7.tgz#cac2dacc8a1ea675feaabaeb8ae833898ae46f55"
  integrity sha512-a54FxoJDIr27pgf7IgeQGxmqUNYrcV338lf/6gH456HZ/PhX+5BcwHXG9ajESmwe6WRO0tAzRUrRmNONWgkrew==

resize-observer-polyfill@^1.5.1:
  version "1.5.1"
  resolved "https://repo.sonatype.com/repository/npm-all/resize-observer-polyfill/-/resize-observer-polyfill-1.5.1.tgz#0e9020dd3d21024458d4ebd27e23e40269810464"
  integrity sha512-LwZrotdHOo12nQuZlHEmtuXdqGoOD0OhaxopaNFxWzInpEgaLWoVuAMbTzixuosCx2nEG58ngzW3vxdWoxIgdg==

string.prototype.repeat@^0.2.0:
  version "0.2.0"
  resolved "https://repo.sonatype.com/repository/npm-all/string.prototype.repeat/-/string.prototype.repeat-0.2.0.tgz#aba36de08dcee6a5a337d49b2ea1da1b28fc0ecf"
  integrity sha1-q6Nt4I3O5qWjN9SbLqHaGyj8Ds8=

symbol-observable@1.2.0:
  version "1.2.0"
  resolved "https://repo.sonatype.com/repository/npm-all/symbol-observable/-/symbol-observable-1.2.0.tgz#c22688aed4eab3cdc2dfeacbb561660560a00804"
  integrity sha512-e900nM8RRtGhlV36KGEU9k65K3mPb1WV70OdjfxlG2EAuM1noi/E/BaW/uMhL7bPEssK8QV57vN3esixjUvcXQ==

tiny-warning@^1.0.2:
  version "1.0.3"
  resolved "https://repo.sonatype.com/repository/npm-all/tiny-warning/-/tiny-warning-1.0.3.tgz#94a30db453df4c643d0fd566060d60a875d84754"
  integrity sha512-lBN9zLN/oAf68o3zNXYrdCt1kP8WsiGW8Oo2ka41b2IM5JL/S1CTyX1rW0mb/zSuJun0ZUrDxx4sqvYS2FWzPA==

ts-toolbelt@^6.15.1:
  version "6.15.5"
  resolved "https://repo.sonatype.com/repository/npm-all/ts-toolbelt/-/ts-toolbelt-6.15.5.tgz#cb3b43ed725cb63644782c64fbcad7d8f28c0a83"
  integrity sha512-FZIXf1ksVyLcfr7M317jbB67XFJhOO1YqdTcuGaq9q5jLUoTikukZ+98TPjKiP2jC5CgmYdWWYs0s2nLSU0/1A==

xss-filters@^1.2.6:
  version "1.2.7"
  resolved "https://repo.sonatype.com/repository/npm-all/xss-filters/-/xss-filters-1.2.7.tgz#59fa1de201f36f2f3470dcac5f58ccc2830b0a9a"
  integrity sha1-Wfod4gHzby80cNysX1jMwoMLCpo=
